
Microsoft Visual Studio Solution File, Format Version 12.00
# Visual Studio 15
VisualStudioVersion = 15.0.28307.271
MinimumVisualStudioVersion = 10.0.40219.1
Project("{FAE04EC0-301F-11D3-BF4B-00C04F79EFBC}") = "App02_TipoPaginaXF.Android", "App02_TipoPaginaXF\App02_TipoPaginaXF.Android\App02_TipoPaginaXF.Android.csproj", "{401273ED-BD51-440D-A57E-D81B5A8AF35C}"
EndProject
Project("{FAE04EC0-301F-11D3-BF4B-00C04F79EFBC}") = "App02_TipoPaginaXF.iOS", "App02_TipoPaginaXF\App02_TipoPaginaXF.iOS\App02_TipoPaginaXF.iOS.csproj", "{7F01BC63-94AD-4580-92B5-758F6118DAF2}"
EndProject
Project("{FAE04EC0-301F-11D3-BF4B-00C04F79EFBC}") = "App02_TipoPaginaXF", "App02_TipoPaginaXF\App02_TipoPaginaXF\App02_TipoPaginaXF.csproj", "{C720C76C-B8C5-4236-A21D-F14C0F9D5CDB}"
EndProject
Global
	GlobalSection(SolutionConfigurationPlatforms) = preSolution
		Ad-Hoc|Any CPU = Ad-Hoc|Any CPU
		Ad-Hoc|iPhone = Ad-Hoc|iPhone
		Ad-Hoc|iPhoneSimulator = Ad-Hoc|iPhoneSimulator
		AppStore|Any CPU = AppStore|Any CPU
		AppStore|iPhone = AppStore|iPhone
		AppStore|iPhoneSimulator = AppStore|iPhoneSimulator
		Debug|Any CPU = Debug|Any CPU
		Debug|iPhone = Debug|iPhone
		Debug|iPhoneSimulator = Debug|iPhoneSimulator
		Release|Any CPU = Release|Any CPU
		Release|iPhone = Release|iPhone
		Release|iPhoneSimulator = Release|iPhoneSimulator
	EndGlobalSection
	GlobalSection(ProjectConfigurationPlatforms) = postSolution
		{401273ED-BD51-440D-A57E-D81B5A8AF35C}.Ad-Hoc|Any CPU.ActiveCfg = Release|Any CPU
		{401273ED-BD51-440D-A57E-D81B5A8AF35C}.Ad-Hoc|Any CPU.Build.0 = Release|Any CPU
		{401273ED-BD51-440D-A57E-D81B5A8AF35C}.Ad-Hoc|Any CPU.Deploy.0 = Release|Any CPU
		{401273ED-BD51-440D-A57E-D81B5A8AF35C}.Ad-Hoc|iPhone.ActiveCfg = Release|Any CPU
		{401273ED-BD51-440D-A57E-D81B5A8AF35C}.Ad-Hoc|iPhone.Build.0 = Release|Any CPU
		{401273ED-BD51-440D-A57E-D81B5A8AF35C}.Ad-Hoc|iPhone.Deploy.0 = Release|Any CPU
		{401273ED-BD51-440D-A57E-D81B5A8AF35C}.Ad-Hoc|iPhoneSimulator.ActiveCfg = Release|Any CPU
		{401273ED-BD51-440D-A57E-D81B5A8AF35C}.Ad-Hoc|iPhoneSimulator.Build.0 = Release|Any CPU
		{401273ED-BD51-440D-A57E-D81B5A8AF35C}.Ad-Hoc|iPhoneSimulator.Deploy.0 = Release|Any CPU
		{401273ED-BD51-440D-A57E-D81B5A8AF35C}.AppStore|Any CPU.ActiveCfg = Release|Any CPU
		{401273ED-BD51-440D-A57E-D81B5A8AF35C}.AppStore|Any CPU.Build.0 = Release|Any CPU
		{401273ED-BD51-440D-A57E-D81B5A8AF35C}.AppStore|Any CPU.Deploy.0 = Release|Any CPU
		{401273ED-BD51-440D-A57E-D81B5A8AF35C}.AppStore|iPhone.ActiveCfg = Release|Any CPU
		{401273ED-BD51-440D-A57E-D81B5A8AF35C}.AppStore|iPhone.Build.0 = Release|Any CPU
		{401273ED-BD51-440D-A57E-D81B5A8AF35C}.AppStore|iPhone.Deploy.0 = Release|Any CPU
		{401273ED-BD51-440D-A57E-D81B5A8AF35C}.AppStore|iPhoneSimulator.ActiveCfg = Release|Any CPU
		{401273ED-BD51-440D-A57E-D81B5A8AF35C}.AppStore|iPhoneSimulator.Build.0 = Release|Any CPU
		{401273ED-BD51-440D-A57E-D81B5A8AF35C}.AppStore|iPhoneSimulator.Deploy.0 = Release|Any CPU
		{401273ED-BD51-440D-A57E-D81B5A8AF35C}.Debug|Any CPU.ActiveCfg = Debug|Any CPU
		{401273ED-BD51-440D-A57E-D81B5A8AF35C}.Debug|Any CPU.Build.0 = Debug|Any CPU
		{401273ED-BD51-440D-A57E-D81B5A8AF35C}.Debug|Any CPU.Deploy.0 = Debug|Any CPU
		{401273ED-BD51-440D-A57E-D81B5A8AF35C}.Debug|iPhone.ActiveCfg = Debug|Any CPU
		{401273ED-BD51-440D-A57E-D81B5A8AF35C}.Debug|iPhone.Build.0 = Debug|Any CPU
		{401273ED-BD51-440D-A57E-D81B5A8AF35C}.Debug|iPhone.Deploy.0 = Debug|Any CPU
		{401273ED-BD51-440D-A57E-D81B5A8AF35C}.Debug|iPhoneSimulator.ActiveCfg = Debug|Any CPU
		{401273ED-BD51-440D-A57E-D81B5A8AF35C}.Debug|iPhoneSimulator.Build.0 = Debug|Any CPU
		{401273ED-BD51-440D-A57E-D81B5A8AF35C}.Debug|iPhoneSimulator.Deploy.0 = Debug|Any CPU
		{401273ED-BD51-440D-A57E-D81B5A8AF35C}.Release|Any CPU.ActiveCfg = Release|Any CPU
		{401273ED-BD51-440D-A57E-D81B5A8AF35C}.Release|Any CPU.Build.0 = Release|Any CPU
		{401273ED-BD51-440D-A57E-D81B5A8AF35C}.Release|Any CPU.Deploy.0 = Release|Any CPU
		{401273ED-BD51-440D-A57E-D81B5A8AF35C}.Release|iPhone.ActiveCfg = Release|Any CPU
		{401273ED-BD51-440D-A57E-D81B5A8AF35C}.Release|iPhone.Build.0 = Release|Any CPU
		{401273ED-BD51-440D-A57E-D81B5A8AF35C}.Release|iPhone.Deploy.0 = Release|Any CPU
		{401273ED-BD51-440D-A57E-D81B5A8AF35C}.Release|iPhoneSimulator.ActiveCfg = Release|Any CPU
		{401273ED-BD51-440D-A57E-D81B5A8AF35C}.Release|iPhoneSimulator.Build.0 = Release|Any CPU
		{401273ED-BD51-440D-A57E-D81B5A8AF35C}.Release|iPhoneSimulator.Deploy.0 = Release|Any CPU
		{7F01BC63-94AD-4580-92B5-758F6118DAF2}.Ad-Hoc|Any CPU.ActiveCfg = Ad-Hoc|iPhone
		{7F01BC63-94AD-4580-92B5-758F6118DAF2}.Ad-Hoc|Any CPU.Build.0 = Ad-Hoc|iPhone
		{7F01BC63-94AD-4580-92B5-758F6118DAF2}.Ad-Hoc|Any CPU.Deploy.0 = Ad-Hoc|iPhone
		{7F01BC63-94AD-4580-92B5-758F6118DAF2}.Ad-Hoc|iPhone.ActiveCfg = Ad-Hoc|iPhone
		{7F01BC63-94AD-4580-92B5-758F6118DAF2}.Ad-Hoc|iPhone.Build.0 = Ad-Hoc|iPhone
		{7F01BC63-94AD-4580-92B5-758F6118DAF2}.Ad-Hoc|iPhone.Deploy.0 = Ad-Hoc|iPhone
		{7F01BC63-94AD-4580-92B5-758F6118DAF2}.Ad-Hoc|iPhoneSimulator.ActiveCfg = Ad-Hoc|iPhoneSimulator
		{7F01BC63-94AD-4580-92B5-758F6118DAF2}.Ad-Hoc|iPhoneSimulator.Build.0 = Ad-Hoc|iPhoneSimulator
		{7F01BC63-94AD-4580-92B5-758F6118DAF2}.Ad-Hoc|iPhoneSimulator.Deploy.0 = Ad-Hoc|iPhoneSimulator
		{7F01BC63-94AD-4580-92B5-758F6118DAF2}.AppStore|Any CPU.ActiveCfg = AppStore|iPhone
		{7F01BC63-94AD-4580-92B5-758F6118DAF2}.AppStore|Any CPU.Build.0 = AppStore|iPhone
		{7F01BC63-94AD-4580-92B5-758F6118DAF2}.AppStore|Any CPU.Deploy.0 = AppStore|iPhone
		{7F01BC63-94AD-4580-92B5-758F6118DAF2}.AppStore|iPhone.ActiveCfg = AppStore|iPhone
		{7F01BC63-94AD-4580-92B5-758F6118DAF2}.AppStore|iPhone.Build.0 = AppStore|iPhone
		{7F01BC63-94AD-4580-92B5-758F6118DAF2}.AppStore|iPhone.Deploy.0 = AppStore|iPhone
		{7F01BC63-94AD-4580-92B5-758F6118DAF2}.AppStore|iPhoneSimulator.ActiveCfg = AppStore|iPhoneSimulator
		{7F01BC63-94AD-4580-92B5-758F6118DAF2}.AppStore|iPhoneSimulator.Build.0 = AppStore|iPhoneSimulator
		{7F01BC63-94AD-4580-92B5-758F6118DAF2}.AppStore|iPhoneSimulator.Deploy.0 = AppStore|iPhoneSimulator
		{7F01BC63-94AD-4580-92B5-758F6118DAF2}.Debug|Any CPU.ActiveCfg = Debug|iPhoneSimulator
		{7F01BC63-94AD-4580-92B5-758F6118DAF2}.Debug|Any CPU.Build.0 = Debug|iPhoneSimulator
		{7F01BC63-94AD-4580-92B5-758F6118DAF2}.Debug|Any CPU.Deploy.0 = Debug|iPhoneSimulator
		{7F01BC63-94AD-4580-92B5-758F6118DAF2}.Debug|iPhone.ActiveCfg = Debug|iPhone
		{7F01BC63-94AD-4580-92B5-758F6118DAF2}.Debug|iPhone.Build.0 = Debug|iPhone
		{7F01BC63-94AD-4580-92B5-758F6118DAF2}.Debug|iPhone.Deploy.0 = Debug|iPhone
		{7F01BC63-94AD-4580-92B5-758F6118DAF2}.Debug|iPhoneSimulator.ActiveCfg = Debug|iPhoneSimulator
		{7F01BC63-94AD-4580-92B5-758F6118DAF2}.Debug|iPhoneSimulator.Build.0 = Debug|iPhoneSimulator
		{7F01BC63-94AD-4580-92B5-758F6118DAF2}.Debug|iPhoneSimulator.Deploy.0 = Debug|iPhoneSimulator
		{7F01BC63-94AD-4580-92B5-758F6118DAF2}.Release|Any CPU.ActiveCfg = Release|iPhone
		{7F01BC63-94AD-4580-92B5-758F6118DAF2}.Release|Any CPU.Build.0 = Release|iPhone
		{7F01BC63-94AD-4580-92B5-758F6118DAF2}.Release|Any CPU.Deploy.0 = Release|iPhone
		{7F01BC63-94AD-4580-92B5-758F6118DAF2}.Release|iPhone.ActiveCfg = Release|iPhone
		{7F01BC63-94AD-4580-92B5-758F6118DAF2}.Release|iPhone.Build.0 = Release|iPhone
		{7F01BC63-94AD-4580-92B5-758F6118DAF2}.Release|iPhone.Deploy.0 = Release|iPhone
		{7F01BC63-94AD-4580-92B5-758F6118DAF2}.Release|iPhoneSimulator.ActiveCfg = Release|iPhoneSimulator
		{7F01BC63-94AD-4580-92B5-758F6118DAF2}.Release|iPhoneSimulator.Build.0 = Release|iPhoneSimulator
		{7F01BC63-94AD-4580-92B5-758F6118DAF2}.Release|iPhoneSimulator.Deploy.0 = Release|iPhoneSimulator
		{C720C76C-B8C5-4236-A21D-F14C0F9D5CDB}.Ad-Hoc|Any CPU.ActiveCfg = Debug|Any CPU
		{C720C76C-B8C5-4236-A21D-F14C0F9D5CDB}.Ad-Hoc|Any CPU.Build.0 = Debug|Any CPU
		{C720C76C-B8C5-4236-A21D-F14C0F9D5CDB}.Ad-Hoc|Any CPU.Deploy.0 = Debug|Any CPU
		{C720C76C-B8C5-4236-A21D-F14C0F9D5CDB}.Ad-Hoc|iPhone.ActiveCfg = Debug|Any CPU
		{C720C76C-B8C5-4236-A21D-F14C0F9D5CDB}.Ad-Hoc|iPhone.Build.0 = Debug|Any CPU
		{C720C76C-B8C5-4236-A21D-F14C0F9D5CDB}.Ad-Hoc|iPhone.Deploy.0 = Debug|Any CPU
		{C720C76C-B8C5-4236-A21D-F14C0F9D5CDB}.Ad-Hoc|iPhoneSimulator.ActiveCfg = Debug|Any CPU
		{C720C76C-B8C5-4236-A21D-F14C0F9D5CDB}.Ad-Hoc|iPhoneSimulator.Build.0 = Debug|Any CPU
		{C720C76C-B8C5-4236-A21D-F14C0F9D5CDB}.Ad-Hoc|iPhoneSimulator.Deploy.0 = Debug|Any CPU
		{C720C76C-B8C5-4236-A21D-F14C0F9D5CDB}.AppStore|Any CPU.ActiveCfg = Debug|Any CPU
		{C720C76C-B8C5-4236-A21D-F14C0F9D5CDB}.AppStore|Any CPU.Build.0 = Debug|Any CPU
		{C720C76C-B8C5-4236-A21D-F14C0F9D5CDB}.AppStore|Any CPU.Deploy.0 = Debug|Any CPU
		{C720C76C-B8C5-4236-A21D-F14C0F9D5CDB}.AppStore|iPhone.ActiveCfg = Debug|Any CPU
		{C720C76C-B8C5-4236-A21D-F14C0F9D5CDB}.AppStore|iPhone.Build.0 = Debug|Any CPU
		{C720C76C-B8C5-4236-A21D-F14C0F9D5CDB}.AppStore|iPhone.Deploy.0 = Debug|Any CPU
		{C720C76C-B8C5-4236-A21D-F14C0F9D5CDB}.AppStore|iPhoneSimulator.ActiveCfg = Debug|Any CPU
		{C720C76C-B8C5-4236-A21D-F14C0F9D5CDB}.AppStore|iPhoneSimulator.Build.0 = Debug|Any CPU
		{C720C76C-B8C5-4236-A21D-F14C0F9D5CDB}.AppStore|iPhoneSimulator.Deploy.0 = Debug|Any CPU
		{C720C76C-B8C5-4236-A21D-F14C0F9D5CDB}.Debug|Any CPU.ActiveCfg = Debug|Any CPU
		{C720C76C-B8C5-4236-A21D-F14C0F9D5CDB}.Debug|Any CPU.Build.0 = Debug|Any CPU
		{C720C76C-B8C5-4236-A21D-F14C0F9D5CDB}.Debug|Any CPU.Deploy.0 = Debug|Any CPU
		{C720C76C-B8C5-4236-A21D-F14C0F9D5CDB}.Debug|iPhone.ActiveCfg = Debug|Any CPU
		{C720C76C-B8C5-4236-A21D-F14C0F9D5CDB}.Debug|iPhone.Build.0 = Debug|Any CPU
		{C720C76C-B8C5-4236-A21D-F14C0F9D5CDB}.Debug|iPhone.Deploy.0 = Debug|Any CPU
		{C720C76C-B8C5-4236-A21D-F14C0F9D5CDB}.Debug|iPhoneSimulator.ActiveCfg = Debug|Any CPU
		{C720C76C-B8C5-4236-A21D-F14C0F9D5CDB}.Debug|iPhoneSimulator.Build.0 = Debug|Any CPU
		{C720C76C-B8C5-4236-A21D-F14C0F9D5CDB}.Debug|iPhoneSimulator.Deploy.0 = Debug|Any CPU
		{C720C76C-B8C5-4236-A21D-F14C0F9D5CDB}.Release|Any CPU.ActiveCfg = Release|Any CPU
		{C720C76C-B8C5-4236-A21D-F14C0F9D5CDB}.Release|Any CPU.Build.0 = Release|Any CPU
		{C720C76C-B8C5-4236-A21D-F14C0F9D5CDB}.Release|Any CPU.Deploy.0 = Release|Any CPU
		{C720C76C-B8C5-4236-A21D-F14C0F9D5CDB}.Release|iPhone.ActiveCfg = Release|Any CPU
		{C720C76C-B8C5-4236-A21D-F14C0F9D5CDB}.Release|iPhone.Build.0 = Release|Any CPU
		{C720C76C-B8C5-4236-A21D-F14C0F9D5CDB}.Release|iPhone.Deploy.0 = Release|Any CPU
		{C720C76C-B8C5-4236-A21D-F14C0F9D5CDB}.Release|iPhoneSimulator.ActiveCfg = Release|Any CPU
		{C720C76C-B8C5-4236-A21D-F14C0F9D5CDB}.Release|iPhoneSimulator.Build.0 = Release|Any CPU
		{C720C76C-B8C5-4236-A21D-F14C0F9D5CDB}.Release|iPhoneSimulator.Deploy.0 = Release|Any CPU
	EndGlobalSection
	GlobalSection(SolutionProperties) = preSolution
		HideSolutionNode = FALSE
	EndGlobalSection
	GlobalSection(ExtensibilityGlobals) = postSolution
		SolutionGuid = {7A311FE7-46ED-4777-9C86-D8EFBC7CEB20}
	EndGlobalSection
EndGlobal
