
Microsoft Visual Studio Solution File, Format Version 12.00
# Visual Studio 15
VisualStudioVersion = 15.0.28307.271
MinimumVisualStudioVersion = 10.0.40219.1
Project("{FAE04EC0-301F-11D3-BF4B-00C04F79EFBC}") = "App01_ConsultarCEP.Android", "App01_ConsultarCEP\App01_ConsultarCEP.Android\App01_ConsultarCEP.Android.csproj", "{4AB4C4AC-DED2-4614-A4B4-CABB9ECD15FB}"
EndProject
Project("{FAE04EC0-301F-11D3-BF4B-00C04F79EFBC}") = "App01_ConsultarCEP.iOS", "App01_ConsultarCEP\App01_ConsultarCEP.iOS\App01_ConsultarCEP.iOS.csproj", "{6BB6014B-470D-40D1-B8E6-77C2D47BD45B}"
EndProject
Project("{FAE04EC0-301F-11D3-BF4B-00C04F79EFBC}") = "App01_ConsultarCEP", "App01_ConsultarCEP\App01_ConsultarCEP\App01_ConsultarCEP.csproj", "{C7B6DC94-18DB-4978-919F-50B9995A1326}"
EndProject
Global
	GlobalSection(SolutionConfigurationPlatforms) = preSolution
		Ad-Hoc|Any CPU = Ad-Hoc|Any CPU
		Ad-Hoc|iPhone = Ad-Hoc|iPhone
		Ad-Hoc|iPhoneSimulator = Ad-Hoc|iPhoneSimulator
		AppStore|Any CPU = AppStore|Any CPU
		AppStore|iPhone = AppStore|iPhone
		AppStore|iPhoneSimulator = AppStore|iPhoneSimulator
		Debug|Any CPU = Debug|Any CPU
		Debug|iPhone = Debug|iPhone
		Debug|iPhoneSimulator = Debug|iPhoneSimulator
		Release|Any CPU = Release|Any CPU
		Release|iPhone = Release|iPhone
		Release|iPhoneSimulator = Release|iPhoneSimulator
	EndGlobalSection
	GlobalSection(ProjectConfigurationPlatforms) = postSolution
		{4AB4C4AC-DED2-4614-A4B4-CABB9ECD15FB}.Ad-Hoc|Any CPU.ActiveCfg = Release|Any CPU
		{4AB4C4AC-DED2-4614-A4B4-CABB9ECD15FB}.Ad-Hoc|Any CPU.Build.0 = Release|Any CPU
		{4AB4C4AC-DED2-4614-A4B4-CABB9ECD15FB}.Ad-Hoc|Any CPU.Deploy.0 = Release|Any CPU
		{4AB4C4AC-DED2-4614-A4B4-CABB9ECD15FB}.Ad-Hoc|iPhone.ActiveCfg = Release|Any CPU
		{4AB4C4AC-DED2-4614-A4B4-CABB9ECD15FB}.Ad-Hoc|iPhone.Build.0 = Release|Any CPU
		{4AB4C4AC-DED2-4614-A4B4-CABB9ECD15FB}.Ad-Hoc|iPhone.Deploy.0 = Release|Any CPU
		{4AB4C4AC-DED2-4614-A4B4-CABB9ECD15FB}.Ad-Hoc|iPhoneSimulator.ActiveCfg = Release|Any CPU
		{4AB4C4AC-DED2-4614-A4B4-CABB9ECD15FB}.Ad-Hoc|iPhoneSimulator.Build.0 = Release|Any CPU
		{4AB4C4AC-DED2-4614-A4B4-CABB9ECD15FB}.Ad-Hoc|iPhoneSimulator.Deploy.0 = Release|Any CPU
		{4AB4C4AC-DED2-4614-A4B4-CABB9ECD15FB}.AppStore|Any CPU.ActiveCfg = Release|Any CPU
		{4AB4C4AC-DED2-4614-A4B4-CABB9ECD15FB}.AppStore|Any CPU.Build.0 = Release|Any CPU
		{4AB4C4AC-DED2-4614-A4B4-CABB9ECD15FB}.AppStore|Any CPU.Deploy.0 = Release|Any CPU
		{4AB4C4AC-DED2-4614-A4B4-CABB9ECD15FB}.AppStore|iPhone.ActiveCfg = Release|Any CPU
		{4AB4C4AC-DED2-4614-A4B4-CABB9ECD15FB}.AppStore|iPhone.Build.0 = Release|Any CPU
		{4AB4C4AC-DED2-4614-A4B4-CABB9ECD15FB}.AppStore|iPhone.Deploy.0 = Release|Any CPU
		{4AB4C4AC-DED2-4614-A4B4-CABB9ECD15FB}.AppStore|iPhoneSimulator.ActiveCfg = Release|Any CPU
		{4AB4C4AC-DED2-4614-A4B4-CABB9ECD15FB}.AppStore|iPhoneSimulator.Build.0 = Release|Any CPU
		{4AB4C4AC-DED2-4614-A4B4-CABB9ECD15FB}.AppStore|iPhoneSimulator.Deploy.0 = Release|Any CPU
		{4AB4C4AC-DED2-4614-A4B4-CABB9ECD15FB}.Debug|Any CPU.ActiveCfg = Debug|Any CPU
		{4AB4C4AC-DED2-4614-A4B4-CABB9ECD15FB}.Debug|Any CPU.Build.0 = Debug|Any CPU
		{4AB4C4AC-DED2-4614-A4B4-CABB9ECD15FB}.Debug|Any CPU.Deploy.0 = Debug|Any CPU
		{4AB4C4AC-DED2-4614-A4B4-CABB9ECD15FB}.Debug|iPhone.ActiveCfg = Debug|Any CPU
		{4AB4C4AC-DED2-4614-A4B4-CABB9ECD15FB}.Debug|iPhone.Build.0 = Debug|Any CPU
		{4AB4C4AC-DED2-4614-A4B4-CABB9ECD15FB}.Debug|iPhone.Deploy.0 = Debug|Any CPU
		{4AB4C4AC-DED2-4614-A4B4-CABB9ECD15FB}.Debug|iPhoneSimulator.ActiveCfg = Debug|Any CPU
		{4AB4C4AC-DED2-4614-A4B4-CABB9ECD15FB}.Debug|iPhoneSimulator.Build.0 = Debug|Any CPU
		{4AB4C4AC-DED2-4614-A4B4-CABB9ECD15FB}.Debug|iPhoneSimulator.Deploy.0 = Debug|Any CPU
		{4AB4C4AC-DED2-4614-A4B4-CABB9ECD15FB}.Release|Any CPU.ActiveCfg = Release|Any CPU
		{4AB4C4AC-DED2-4614-A4B4-CABB9ECD15FB}.Release|Any CPU.Build.0 = Release|Any CPU
		{4AB4C4AC-DED2-4614-A4B4-CABB9ECD15FB}.Release|Any CPU.Deploy.0 = Release|Any CPU
		{4AB4C4AC-DED2-4614-A4B4-CABB9ECD15FB}.Release|iPhone.ActiveCfg = Release|Any CPU
		{4AB4C4AC-DED2-4614-A4B4-CABB9ECD15FB}.Release|iPhone.Build.0 = Release|Any CPU
		{4AB4C4AC-DED2-4614-A4B4-CABB9ECD15FB}.Release|iPhone.Deploy.0 = Release|Any CPU
		{4AB4C4AC-DED2-4614-A4B4-CABB9ECD15FB}.Release|iPhoneSimulator.ActiveCfg = Release|Any CPU
		{4AB4C4AC-DED2-4614-A4B4-CABB9ECD15FB}.Release|iPhoneSimulator.Build.0 = Release|Any CPU
		{4AB4C4AC-DED2-4614-A4B4-CABB9ECD15FB}.Release|iPhoneSimulator.Deploy.0 = Release|Any CPU
		{6BB6014B-470D-40D1-B8E6-77C2D47BD45B}.Ad-Hoc|Any CPU.ActiveCfg = Ad-Hoc|iPhone
		{6BB6014B-470D-40D1-B8E6-77C2D47BD45B}.Ad-Hoc|Any CPU.Build.0 = Ad-Hoc|iPhone
		{6BB6014B-470D-40D1-B8E6-77C2D47BD45B}.Ad-Hoc|Any CPU.Deploy.0 = Ad-Hoc|iPhone
		{6BB6014B-470D-40D1-B8E6-77C2D47BD45B}.Ad-Hoc|iPhone.ActiveCfg = Ad-Hoc|iPhone
		{6BB6014B-470D-40D1-B8E6-77C2D47BD45B}.Ad-Hoc|iPhone.Build.0 = Ad-Hoc|iPhone
		{6BB6014B-470D-40D1-B8E6-77C2D47BD45B}.Ad-Hoc|iPhone.Deploy.0 = Ad-Hoc|iPhone
		{6BB6014B-470D-40D1-B8E6-77C2D47BD45B}.Ad-Hoc|iPhoneSimulator.ActiveCfg = Ad-Hoc|iPhoneSimulator
		{6BB6014B-470D-40D1-B8E6-77C2D47BD45B}.Ad-Hoc|iPhoneSimulator.Build.0 = Ad-Hoc|iPhoneSimulator
		{6BB6014B-470D-40D1-B8E6-77C2D47BD45B}.Ad-Hoc|iPhoneSimulator.Deploy.0 = Ad-Hoc|iPhoneSimulator
		{6BB6014B-470D-40D1-B8E6-77C2D47BD45B}.AppStore|Any CPU.ActiveCfg = AppStore|iPhone
		{6BB6014B-470D-40D1-B8E6-77C2D47BD45B}.AppStore|Any CPU.Build.0 = AppStore|iPhone
		{6BB6014B-470D-40D1-B8E6-77C2D47BD45B}.AppStore|Any CPU.Deploy.0 = AppStore|iPhone
		{6BB6014B-470D-40D1-B8E6-77C2D47BD45B}.AppStore|iPhone.ActiveCfg = AppStore|iPhone
		{6BB6014B-470D-40D1-B8E6-77C2D47BD45B}.AppStore|iPhone.Build.0 = AppStore|iPhone
		{6BB6014B-470D-40D1-B8E6-77C2D47BD45B}.AppStore|iPhone.Deploy.0 = AppStore|iPhone
		{6BB6014B-470D-40D1-B8E6-77C2D47BD45B}.AppStore|iPhoneSimulator.ActiveCfg = AppStore|iPhoneSimulator
		{6BB6014B-470D-40D1-B8E6-77C2D47BD45B}.AppStore|iPhoneSimulator.Build.0 = AppStore|iPhoneSimulator
		{6BB6014B-470D-40D1-B8E6-77C2D47BD45B}.AppStore|iPhoneSimulator.Deploy.0 = AppStore|iPhoneSimulator
		{6BB6014B-470D-40D1-B8E6-77C2D47BD45B}.Debug|Any CPU.ActiveCfg = Debug|iPhoneSimulator
		{6BB6014B-470D-40D1-B8E6-77C2D47BD45B}.Debug|Any CPU.Build.0 = Debug|iPhoneSimulator
		{6BB6014B-470D-40D1-B8E6-77C2D47BD45B}.Debug|Any CPU.Deploy.0 = Debug|iPhoneSimulator
		{6BB6014B-470D-40D1-B8E6-77C2D47BD45B}.Debug|iPhone.ActiveCfg = Debug|iPhone
		{6BB6014B-470D-40D1-B8E6-77C2D47BD45B}.Debug|iPhone.Build.0 = Debug|iPhone
		{6BB6014B-470D-40D1-B8E6-77C2D47BD45B}.Debug|iPhone.Deploy.0 = Debug|iPhone
		{6BB6014B-470D-40D1-B8E6-77C2D47BD45B}.Debug|iPhoneSimulator.ActiveCfg = Debug|iPhoneSimulator
		{6BB6014B-470D-40D1-B8E6-77C2D47BD45B}.Debug|iPhoneSimulator.Build.0 = Debug|iPhoneSimulator
		{6BB6014B-470D-40D1-B8E6-77C2D47BD45B}.Debug|iPhoneSimulator.Deploy.0 = Debug|iPhoneSimulator
		{6BB6014B-470D-40D1-B8E6-77C2D47BD45B}.Release|Any CPU.ActiveCfg = Release|iPhone
		{6BB6014B-470D-40D1-B8E6-77C2D47BD45B}.Release|Any CPU.Build.0 = Release|iPhone
		{6BB6014B-470D-40D1-B8E6-77C2D47BD45B}.Release|Any CPU.Deploy.0 = Release|iPhone
		{6BB6014B-470D-40D1-B8E6-77C2D47BD45B}.Release|iPhone.ActiveCfg = Release|iPhone
		{6BB6014B-470D-40D1-B8E6-77C2D47BD45B}.Release|iPhone.Build.0 = Release|iPhone
		{6BB6014B-470D-40D1-B8E6-77C2D47BD45B}.Release|iPhone.Deploy.0 = Release|iPhone
		{6BB6014B-470D-40D1-B8E6-77C2D47BD45B}.Release|iPhoneSimulator.ActiveCfg = Release|iPhoneSimulator
		{6BB6014B-470D-40D1-B8E6-77C2D47BD45B}.Release|iPhoneSimulator.Build.0 = Release|iPhoneSimulator
		{6BB6014B-470D-40D1-B8E6-77C2D47BD45B}.Release|iPhoneSimulator.Deploy.0 = Release|iPhoneSimulator
		{C7B6DC94-18DB-4978-919F-50B9995A1326}.Ad-Hoc|Any CPU.ActiveCfg = Debug|Any CPU
		{C7B6DC94-18DB-4978-919F-50B9995A1326}.Ad-Hoc|Any CPU.Build.0 = Debug|Any CPU
		{C7B6DC94-18DB-4978-919F-50B9995A1326}.Ad-Hoc|Any CPU.Deploy.0 = Debug|Any CPU
		{C7B6DC94-18DB-4978-919F-50B9995A1326}.Ad-Hoc|iPhone.ActiveCfg = Debug|Any CPU
		{C7B6DC94-18DB-4978-919F-50B9995A1326}.Ad-Hoc|iPhone.Build.0 = Debug|Any CPU
		{C7B6DC94-18DB-4978-919F-50B9995A1326}.Ad-Hoc|iPhone.Deploy.0 = Debug|Any CPU
		{C7B6DC94-18DB-4978-919F-50B9995A1326}.Ad-Hoc|iPhoneSimulator.ActiveCfg = Debug|Any CPU
		{C7B6DC94-18DB-4978-919F-50B9995A1326}.Ad-Hoc|iPhoneSimulator.Build.0 = Debug|Any CPU
		{C7B6DC94-18DB-4978-919F-50B9995A1326}.Ad-Hoc|iPhoneSimulator.Deploy.0 = Debug|Any CPU
		{C7B6DC94-18DB-4978-919F-50B9995A1326}.AppStore|Any CPU.ActiveCfg = Debug|Any CPU
		{C7B6DC94-18DB-4978-919F-50B9995A1326}.AppStore|Any CPU.Build.0 = Debug|Any CPU
		{C7B6DC94-18DB-4978-919F-50B9995A1326}.AppStore|Any CPU.Deploy.0 = Debug|Any CPU
		{C7B6DC94-18DB-4978-919F-50B9995A1326}.AppStore|iPhone.ActiveCfg = Debug|Any CPU
		{C7B6DC94-18DB-4978-919F-50B9995A1326}.AppStore|iPhone.Build.0 = Debug|Any CPU
		{C7B6DC94-18DB-4978-919F-50B9995A1326}.AppStore|iPhone.Deploy.0 = Debug|Any CPU
		{C7B6DC94-18DB-4978-919F-50B9995A1326}.AppStore|iPhoneSimulator.ActiveCfg = Debug|Any CPU
		{C7B6DC94-18DB-4978-919F-50B9995A1326}.AppStore|iPhoneSimulator.Build.0 = Debug|Any CPU
		{C7B6DC94-18DB-4978-919F-50B9995A1326}.AppStore|iPhoneSimulator.Deploy.0 = Debug|Any CPU
		{C7B6DC94-18DB-4978-919F-50B9995A1326}.Debug|Any CPU.ActiveCfg = Debug|Any CPU
		{C7B6DC94-18DB-4978-919F-50B9995A1326}.Debug|Any CPU.Build.0 = Debug|Any CPU
		{C7B6DC94-18DB-4978-919F-50B9995A1326}.Debug|Any CPU.Deploy.0 = Debug|Any CPU
		{C7B6DC94-18DB-4978-919F-50B9995A1326}.Debug|iPhone.ActiveCfg = Debug|Any CPU
		{C7B6DC94-18DB-4978-919F-50B9995A1326}.Debug|iPhone.Build.0 = Debug|Any CPU
		{C7B6DC94-18DB-4978-919F-50B9995A1326}.Debug|iPhone.Deploy.0 = Debug|Any CPU
		{C7B6DC94-18DB-4978-919F-50B9995A1326}.Debug|iPhoneSimulator.ActiveCfg = Debug|Any CPU
		{C7B6DC94-18DB-4978-919F-50B9995A1326}.Debug|iPhoneSimulator.Build.0 = Debug|Any CPU
		{C7B6DC94-18DB-4978-919F-50B9995A1326}.Debug|iPhoneSimulator.Deploy.0 = Debug|Any CPU
		{C7B6DC94-18DB-4978-919F-50B9995A1326}.Release|Any CPU.ActiveCfg = Release|Any CPU
		{C7B6DC94-18DB-4978-919F-50B9995A1326}.Release|Any CPU.Build.0 = Release|Any CPU
		{C7B6DC94-18DB-4978-919F-50B9995A1326}.Release|Any CPU.Deploy.0 = Release|Any CPU
		{C7B6DC94-18DB-4978-919F-50B9995A1326}.Release|iPhone.ActiveCfg = Release|Any CPU
		{C7B6DC94-18DB-4978-919F-50B9995A1326}.Release|iPhone.Build.0 = Release|Any CPU
		{C7B6DC94-18DB-4978-919F-50B9995A1326}.Release|iPhone.Deploy.0 = Release|Any CPU
		{C7B6DC94-18DB-4978-919F-50B9995A1326}.Release|iPhoneSimulator.ActiveCfg = Release|Any CPU
		{C7B6DC94-18DB-4978-919F-50B9995A1326}.Release|iPhoneSimulator.Build.0 = Release|Any CPU
		{C7B6DC94-18DB-4978-919F-50B9995A1326}.Release|iPhoneSimulator.Deploy.0 = Release|Any CPU
	EndGlobalSection
	GlobalSection(SolutionProperties) = preSolution
		HideSolutionNode = FALSE
	EndGlobalSection
	GlobalSection(ExtensibilityGlobals) = postSolution
		SolutionGuid = {4B573AF6-1E02-46E8-854F-028C2E91FCE1}
	EndGlobalSection
EndGlobal
