
Microsoft Visual Studio Solution File, Format Version 12.00
# Visual Studio 15
VisualStudioVersion = 15.0.28307.271
MinimumVisualStudioVersion = 10.0.40219.1
Project("{FAE04EC0-301F-11D3-BF4B-00C04F79EFBC}") = "App01_LayoutXF.Android", "App01_LayoutXF\App01_LayoutXF.Android\App01_LayoutXF.Android.csproj", "{9DDDC94C-70EF-4E63-AFB5-8143F3AD598C}"
EndProject
Project("{FAE04EC0-301F-11D3-BF4B-00C04F79EFBC}") = "App01_LayoutXF.iOS", "App01_LayoutXF\App01_LayoutXF.iOS\App01_LayoutXF.iOS.csproj", "{21196168-A0D3-4654-BD25-B38AC85F181E}"
EndProject
Project("{FAE04EC0-301F-11D3-BF4B-00C04F79EFBC}") = "App01_LayoutXF", "App01_LayoutXF\App01_LayoutXF\App01_LayoutXF.csproj", "{345FEAD4-CE9E-4D07-8E81-E3CD3281D314}"
EndProject
Global
	GlobalSection(SolutionConfigurationPlatforms) = preSolution
		Ad-Hoc|Any CPU = Ad-Hoc|Any CPU
		Ad-Hoc|iPhone = Ad-Hoc|iPhone
		Ad-Hoc|iPhoneSimulator = Ad-Hoc|iPhoneSimulator
		AppStore|Any CPU = AppStore|Any CPU
		AppStore|iPhone = AppStore|iPhone
		AppStore|iPhoneSimulator = AppStore|iPhoneSimulator
		Debug|Any CPU = Debug|Any CPU
		Debug|iPhone = Debug|iPhone
		Debug|iPhoneSimulator = Debug|iPhoneSimulator
		Release|Any CPU = Release|Any CPU
		Release|iPhone = Release|iPhone
		Release|iPhoneSimulator = Release|iPhoneSimulator
	EndGlobalSection
	GlobalSection(ProjectConfigurationPlatforms) = postSolution
		{9DDDC94C-70EF-4E63-AFB5-8143F3AD598C}.Ad-Hoc|Any CPU.ActiveCfg = Release|Any CPU
		{9DDDC94C-70EF-4E63-AFB5-8143F3AD598C}.Ad-Hoc|Any CPU.Build.0 = Release|Any CPU
		{9DDDC94C-70EF-4E63-AFB5-8143F3AD598C}.Ad-Hoc|Any CPU.Deploy.0 = Release|Any CPU
		{9DDDC94C-70EF-4E63-AFB5-8143F3AD598C}.Ad-Hoc|iPhone.ActiveCfg = Release|Any CPU
		{9DDDC94C-70EF-4E63-AFB5-8143F3AD598C}.Ad-Hoc|iPhone.Build.0 = Release|Any CPU
		{9DDDC94C-70EF-4E63-AFB5-8143F3AD598C}.Ad-Hoc|iPhone.Deploy.0 = Release|Any CPU
		{9DDDC94C-70EF-4E63-AFB5-8143F3AD598C}.Ad-Hoc|iPhoneSimulator.ActiveCfg = Release|Any CPU
		{9DDDC94C-70EF-4E63-AFB5-8143F3AD598C}.Ad-Hoc|iPhoneSimulator.Build.0 = Release|Any CPU
		{9DDDC94C-70EF-4E63-AFB5-8143F3AD598C}.Ad-Hoc|iPhoneSimulator.Deploy.0 = Release|Any CPU
		{9DDDC94C-70EF-4E63-AFB5-8143F3AD598C}.AppStore|Any CPU.ActiveCfg = Release|Any CPU
		{9DDDC94C-70EF-4E63-AFB5-8143F3AD598C}.AppStore|Any CPU.Build.0 = Release|Any CPU
		{9DDDC94C-70EF-4E63-AFB5-8143F3AD598C}.AppStore|Any CPU.Deploy.0 = Release|Any CPU
		{9DDDC94C-70EF-4E63-AFB5-8143F3AD598C}.AppStore|iPhone.ActiveCfg = Release|Any CPU
		{9DDDC94C-70EF-4E63-AFB5-8143F3AD598C}.AppStore|iPhone.Build.0 = Release|Any CPU
		{9DDDC94C-70EF-4E63-AFB5-8143F3AD598C}.AppStore|iPhone.Deploy.0 = Release|Any CPU
		{9DDDC94C-70EF-4E63-AFB5-8143F3AD598C}.AppStore|iPhoneSimulator.ActiveCfg = Release|Any CPU
		{9DDDC94C-70EF-4E63-AFB5-8143F3AD598C}.AppStore|iPhoneSimulator.Build.0 = Release|Any CPU
		{9DDDC94C-70EF-4E63-AFB5-8143F3AD598C}.AppStore|iPhoneSimulator.Deploy.0 = Release|Any CPU
		{9DDDC94C-70EF-4E63-AFB5-8143F3AD598C}.Debug|Any CPU.ActiveCfg = Debug|Any CPU
		{9DDDC94C-70EF-4E63-AFB5-8143F3AD598C}.Debug|Any CPU.Build.0 = Debug|Any CPU
		{9DDDC94C-70EF-4E63-AFB5-8143F3AD598C}.Debug|Any CPU.Deploy.0 = Debug|Any CPU
		{9DDDC94C-70EF-4E63-AFB5-8143F3AD598C}.Debug|iPhone.ActiveCfg = Debug|Any CPU
		{9DDDC94C-70EF-4E63-AFB5-8143F3AD598C}.Debug|iPhone.Build.0 = Debug|Any CPU
		{9DDDC94C-70EF-4E63-AFB5-8143F3AD598C}.Debug|iPhone.Deploy.0 = Debug|Any CPU
		{9DDDC94C-70EF-4E63-AFB5-8143F3AD598C}.Debug|iPhoneSimulator.ActiveCfg = Debug|Any CPU
		{9DDDC94C-70EF-4E63-AFB5-8143F3AD598C}.Debug|iPhoneSimulator.Build.0 = Debug|Any CPU
		{9DDDC94C-70EF-4E63-AFB5-8143F3AD598C}.Debug|iPhoneSimulator.Deploy.0 = Debug|Any CPU
		{9DDDC94C-70EF-4E63-AFB5-8143F3AD598C}.Release|Any CPU.ActiveCfg = Release|Any CPU
		{9DDDC94C-70EF-4E63-AFB5-8143F3AD598C}.Release|Any CPU.Build.0 = Release|Any CPU
		{9DDDC94C-70EF-4E63-AFB5-8143F3AD598C}.Release|Any CPU.Deploy.0 = Release|Any CPU
		{9DDDC94C-70EF-4E63-AFB5-8143F3AD598C}.Release|iPhone.ActiveCfg = Release|Any CPU
		{9DDDC94C-70EF-4E63-AFB5-8143F3AD598C}.Release|iPhone.Build.0 = Release|Any CPU
		{9DDDC94C-70EF-4E63-AFB5-8143F3AD598C}.Release|iPhone.Deploy.0 = Release|Any CPU
		{9DDDC94C-70EF-4E63-AFB5-8143F3AD598C}.Release|iPhoneSimulator.ActiveCfg = Release|Any CPU
		{9DDDC94C-70EF-4E63-AFB5-8143F3AD598C}.Release|iPhoneSimulator.Build.0 = Release|Any CPU
		{9DDDC94C-70EF-4E63-AFB5-8143F3AD598C}.Release|iPhoneSimulator.Deploy.0 = Release|Any CPU
		{21196168-A0D3-4654-BD25-B38AC85F181E}.Ad-Hoc|Any CPU.ActiveCfg = Ad-Hoc|iPhone
		{21196168-A0D3-4654-BD25-B38AC85F181E}.Ad-Hoc|Any CPU.Build.0 = Ad-Hoc|iPhone
		{21196168-A0D3-4654-BD25-B38AC85F181E}.Ad-Hoc|Any CPU.Deploy.0 = Ad-Hoc|iPhone
		{21196168-A0D3-4654-BD25-B38AC85F181E}.Ad-Hoc|iPhone.ActiveCfg = Ad-Hoc|iPhone
		{21196168-A0D3-4654-BD25-B38AC85F181E}.Ad-Hoc|iPhone.Build.0 = Ad-Hoc|iPhone
		{21196168-A0D3-4654-BD25-B38AC85F181E}.Ad-Hoc|iPhone.Deploy.0 = Ad-Hoc|iPhone
		{21196168-A0D3-4654-BD25-B38AC85F181E}.Ad-Hoc|iPhoneSimulator.ActiveCfg = Ad-Hoc|iPhoneSimulator
		{21196168-A0D3-4654-BD25-B38AC85F181E}.Ad-Hoc|iPhoneSimulator.Build.0 = Ad-Hoc|iPhoneSimulator
		{21196168-A0D3-4654-BD25-B38AC85F181E}.Ad-Hoc|iPhoneSimulator.Deploy.0 = Ad-Hoc|iPhoneSimulator
		{21196168-A0D3-4654-BD25-B38AC85F181E}.AppStore|Any CPU.ActiveCfg = AppStore|iPhone
		{21196168-A0D3-4654-BD25-B38AC85F181E}.AppStore|Any CPU.Build.0 = AppStore|iPhone
		{21196168-A0D3-4654-BD25-B38AC85F181E}.AppStore|Any CPU.Deploy.0 = AppStore|iPhone
		{21196168-A0D3-4654-BD25-B38AC85F181E}.AppStore|iPhone.ActiveCfg = AppStore|iPhone
		{21196168-A0D3-4654-BD25-B38AC85F181E}.AppStore|iPhone.Build.0 = AppStore|iPhone
		{21196168-A0D3-4654-BD25-B38AC85F181E}.AppStore|iPhone.Deploy.0 = AppStore|iPhone
		{21196168-A0D3-4654-BD25-B38AC85F181E}.AppStore|iPhoneSimulator.ActiveCfg = AppStore|iPhoneSimulator
		{21196168-A0D3-4654-BD25-B38AC85F181E}.AppStore|iPhoneSimulator.Build.0 = AppStore|iPhoneSimulator
		{21196168-A0D3-4654-BD25-B38AC85F181E}.AppStore|iPhoneSimulator.Deploy.0 = AppStore|iPhoneSimulator
		{21196168-A0D3-4654-BD25-B38AC85F181E}.Debug|Any CPU.ActiveCfg = Debug|iPhoneSimulator
		{21196168-A0D3-4654-BD25-B38AC85F181E}.Debug|Any CPU.Build.0 = Debug|iPhoneSimulator
		{21196168-A0D3-4654-BD25-B38AC85F181E}.Debug|Any CPU.Deploy.0 = Debug|iPhoneSimulator
		{21196168-A0D3-4654-BD25-B38AC85F181E}.Debug|iPhone.ActiveCfg = Debug|iPhone
		{21196168-A0D3-4654-BD25-B38AC85F181E}.Debug|iPhone.Build.0 = Debug|iPhone
		{21196168-A0D3-4654-BD25-B38AC85F181E}.Debug|iPhone.Deploy.0 = Debug|iPhone
		{21196168-A0D3-4654-BD25-B38AC85F181E}.Debug|iPhoneSimulator.ActiveCfg = Debug|iPhoneSimulator
		{21196168-A0D3-4654-BD25-B38AC85F181E}.Debug|iPhoneSimulator.Build.0 = Debug|iPhoneSimulator
		{21196168-A0D3-4654-BD25-B38AC85F181E}.Debug|iPhoneSimulator.Deploy.0 = Debug|iPhoneSimulator
		{21196168-A0D3-4654-BD25-B38AC85F181E}.Release|Any CPU.ActiveCfg = Release|iPhone
		{21196168-A0D3-4654-BD25-B38AC85F181E}.Release|Any CPU.Build.0 = Release|iPhone
		{21196168-A0D3-4654-BD25-B38AC85F181E}.Release|Any CPU.Deploy.0 = Release|iPhone
		{21196168-A0D3-4654-BD25-B38AC85F181E}.Release|iPhone.ActiveCfg = Release|iPhone
		{21196168-A0D3-4654-BD25-B38AC85F181E}.Release|iPhone.Build.0 = Release|iPhone
		{21196168-A0D3-4654-BD25-B38AC85F181E}.Release|iPhone.Deploy.0 = Release|iPhone
		{21196168-A0D3-4654-BD25-B38AC85F181E}.Release|iPhoneSimulator.ActiveCfg = Release|iPhoneSimulator
		{21196168-A0D3-4654-BD25-B38AC85F181E}.Release|iPhoneSimulator.Build.0 = Release|iPhoneSimulator
		{21196168-A0D3-4654-BD25-B38AC85F181E}.Release|iPhoneSimulator.Deploy.0 = Release|iPhoneSimulator
		{345FEAD4-CE9E-4D07-8E81-E3CD3281D314}.Ad-Hoc|Any CPU.ActiveCfg = Debug|Any CPU
		{345FEAD4-CE9E-4D07-8E81-E3CD3281D314}.Ad-Hoc|Any CPU.Build.0 = Debug|Any CPU
		{345FEAD4-CE9E-4D07-8E81-E3CD3281D314}.Ad-Hoc|Any CPU.Deploy.0 = Debug|Any CPU
		{345FEAD4-CE9E-4D07-8E81-E3CD3281D314}.Ad-Hoc|iPhone.ActiveCfg = Debug|Any CPU
		{345FEAD4-CE9E-4D07-8E81-E3CD3281D314}.Ad-Hoc|iPhone.Build.0 = Debug|Any CPU
		{345FEAD4-CE9E-4D07-8E81-E3CD3281D314}.Ad-Hoc|iPhone.Deploy.0 = Debug|Any CPU
		{345FEAD4-CE9E-4D07-8E81-E3CD3281D314}.Ad-Hoc|iPhoneSimulator.ActiveCfg = Debug|Any CPU
		{345FEAD4-CE9E-4D07-8E81-E3CD3281D314}.Ad-Hoc|iPhoneSimulator.Build.0 = Debug|Any CPU
		{345FEAD4-CE9E-4D07-8E81-E3CD3281D314}.Ad-Hoc|iPhoneSimulator.Deploy.0 = Debug|Any CPU
		{345FEAD4-CE9E-4D07-8E81-E3CD3281D314}.AppStore|Any CPU.ActiveCfg = Debug|Any CPU
		{345FEAD4-CE9E-4D07-8E81-E3CD3281D314}.AppStore|Any CPU.Build.0 = Debug|Any CPU
		{345FEAD4-CE9E-4D07-8E81-E3CD3281D314}.AppStore|Any CPU.Deploy.0 = Debug|Any CPU
		{345FEAD4-CE9E-4D07-8E81-E3CD3281D314}.AppStore|iPhone.ActiveCfg = Debug|Any CPU
		{345FEAD4-CE9E-4D07-8E81-E3CD3281D314}.AppStore|iPhone.Build.0 = Debug|Any CPU
		{345FEAD4-CE9E-4D07-8E81-E3CD3281D314}.AppStore|iPhone.Deploy.0 = Debug|Any CPU
		{345FEAD4-CE9E-4D07-8E81-E3CD3281D314}.AppStore|iPhoneSimulator.ActiveCfg = Debug|Any CPU
		{345FEAD4-CE9E-4D07-8E81-E3CD3281D314}.AppStore|iPhoneSimulator.Build.0 = Debug|Any CPU
		{345FEAD4-CE9E-4D07-8E81-E3CD3281D314}.AppStore|iPhoneSimulator.Deploy.0 = Debug|Any CPU
		{345FEAD4-CE9E-4D07-8E81-E3CD3281D314}.Debug|Any CPU.ActiveCfg = Debug|Any CPU
		{345FEAD4-CE9E-4D07-8E81-E3CD3281D314}.Debug|Any CPU.Build.0 = Debug|Any CPU
		{345FEAD4-CE9E-4D07-8E81-E3CD3281D314}.Debug|Any CPU.Deploy.0 = Debug|Any CPU
		{345FEAD4-CE9E-4D07-8E81-E3CD3281D314}.Debug|iPhone.ActiveCfg = Debug|Any CPU
		{345FEAD4-CE9E-4D07-8E81-E3CD3281D314}.Debug|iPhone.Build.0 = Debug|Any CPU
		{345FEAD4-CE9E-4D07-8E81-E3CD3281D314}.Debug|iPhone.Deploy.0 = Debug|Any CPU
		{345FEAD4-CE9E-4D07-8E81-E3CD3281D314}.Debug|iPhoneSimulator.ActiveCfg = Debug|Any CPU
		{345FEAD4-CE9E-4D07-8E81-E3CD3281D314}.Debug|iPhoneSimulator.Build.0 = Debug|Any CPU
		{345FEAD4-CE9E-4D07-8E81-E3CD3281D314}.Debug|iPhoneSimulator.Deploy.0 = Debug|Any CPU
		{345FEAD4-CE9E-4D07-8E81-E3CD3281D314}.Release|Any CPU.ActiveCfg = Release|Any CPU
		{345FEAD4-CE9E-4D07-8E81-E3CD3281D314}.Release|Any CPU.Build.0 = Release|Any CPU
		{345FEAD4-CE9E-4D07-8E81-E3CD3281D314}.Release|Any CPU.Deploy.0 = Release|Any CPU
		{345FEAD4-CE9E-4D07-8E81-E3CD3281D314}.Release|iPhone.ActiveCfg = Release|Any CPU
		{345FEAD4-CE9E-4D07-8E81-E3CD3281D314}.Release|iPhone.Build.0 = Release|Any CPU
		{345FEAD4-CE9E-4D07-8E81-E3CD3281D314}.Release|iPhone.Deploy.0 = Release|Any CPU
		{345FEAD4-CE9E-4D07-8E81-E3CD3281D314}.Release|iPhoneSimulator.ActiveCfg = Release|Any CPU
		{345FEAD4-CE9E-4D07-8E81-E3CD3281D314}.Release|iPhoneSimulator.Build.0 = Release|Any CPU
		{345FEAD4-CE9E-4D07-8E81-E3CD3281D314}.Release|iPhoneSimulator.Deploy.0 = Release|Any CPU
	EndGlobalSection
	GlobalSection(SolutionProperties) = preSolution
		HideSolutionNode = FALSE
	EndGlobalSection
	GlobalSection(ExtensibilityGlobals) = postSolution
		SolutionGuid = {729E37F7-A910-4032-BA02-70334527206D}
	EndGlobalSection
EndGlobal
